// !$*UTF8*$!
{
	archiveVersion = 1;
	classes = {
	};
	objectVersion = 46;
	objects = {

/* Begin PBXBuildFile section */
		2A2405EE1A87ED4A00371941 /* AppDelegate.swift in Sources */ = {isa = PBXBuildFile; fileRef = 2A2405ED1A87ED4A00371941 /* AppDelegate.swift */; };
		2A2405F01A87ED4A00371941 /* ViewController.swift in Sources */ = {isa = PBXBuildFile; fileRef = 2A2405EF1A87ED4A00371941 /* ViewController.swift */; };
		2A2405F31A87ED4A00371941 /* Main.storyboard in Resources */ = {isa = PBXBuildFile; fileRef = 2A2405F11A87ED4A00371941 /* Main.storyboard */; };
		2A2405F51A87ED4A00371941 /* Images.xcassets in Resources */ = {isa = PBXBuildFile; fileRef = 2A2405F41A87ED4A00371941 /* Images.xcassets */; };
		2A2406041A87ED4A00371941 /* PathDynamicModal_DemoTests.swift in Sources */ = {isa = PBXBuildFile; fileRef = 2A2406031A87ED4A00371941 /* PathDynamicModal_DemoTests.swift */; };
		2A24060F1A87EDDA00371941 /* PathDynamicModal.swift in Sources */ = {isa = PBXBuildFile; fileRef = 2A24060E1A87EDDA00371941 /* PathDynamicModal.swift */; };
/* End PBXBuildFile section */

/* Begin PBXContainerItemProxy section */
		2A2405FE1A87ED4A00371941 /* PBXContainerItemProxy */ = {
			isa = PBXContainerItemProxy;
			containerPortal = 2A2405E01A87ED4A00371941 /* Project object */;
			proxyType = 1;
			remoteGlobalIDString = 2A2405E71A87ED4A00371941;
			remoteInfo = "PathDynamicModal-Demo";
		};
/* End PBXContainerItemProxy section */

/* Begin PBXFileReference section */
		2A2405E81A87ED4A00371941 /* PathDynamicModal-Demo.app */ = {isa = PBXFileReference; explicitFileType = wrapper.application; includeInIndex = 0; path = "PathDynamicModal-Demo.app"; sourceTree = BUILT_PRODUCTS_DIR; };
		2A2405EC1A87ED4A00371941 /* Info.plist */ = {isa = PBXFileReference; lastKnownFileType = text.plist.xml; path = Info.plist; sourceTree = "<group>"; };
		2A2405ED1A87ED4A00371941 /* AppDelegate.swift */ = {isa = PBXFileReference; lastKnownFileType = sourcecode.swift; path = AppDelegate.swift; sourceTree = "<group>"; };
		2A2405EF1A87ED4A00371941 /* ViewController.swift */ = {isa = PBXFileReference; lastKnownFileType = sourcecode.swift; path = ViewController.swift; sourceTree = "<group>"; };
		2A2405F21A87ED4A00371941 /* Base */ = {isa = PBXFileReference; lastKnownFileType = file.storyboard; name = Base; path = Base.lproj/Main.storyboard; sourceTree = "<group>"; };
		2A2405F41A87ED4A00371941 /* Images.xcassets */ = {isa = PBXFileReference; lastKnownFileType = folder.assetcatalog; path = Images.xcassets; sourceTree = "<group>"; };
		2A2405FD1A87ED4A00371941 /* PathDynamicModal-DemoTests.xctest */ = {isa = PBXFileReference; explicitFileType = wrapper.cfbundle; includeInIndex = 0; path = "PathDynamicModal-DemoTests.xctest"; sourceTree = BUILT_PRODUCTS_DIR; };
		2A2406021A87ED4A00371941 /* Info.plist */ = {isa = PBXFileReference; lastKnownFileType = text.plist.xml; path = Info.plist; sourceTree = "<group>"; };
		2A2406031A87ED4A00371941 /* PathDynamicModal_DemoTests.swift */ = {isa = PBXFileReference; lastKnownFileType = sourcecode.swift; path = PathDynamicModal_DemoTests.swift; sourceTree = "<group>"; };
		2A24060E1A87EDDA00371941 /* PathDynamicModal.swift */ = {isa = PBXFileReference; fileEncoding = 4; lastKnownFileType = sourcecode.swift; path = PathDynamicModal.swift; sourceTree = "<group>"; };
/* End PBXFileReference section */

/* Begin PBXFrameworksBuildPhase section */
		2A2405E51A87ED4A00371941 /* Frameworks */ = {
			isa = PBXFrameworksBuildPhase;
			buildActionMask = 2147483647;
			files = (
			);
			runOnlyForDeploymentPostprocessing = 0;
		};
		2A2405FA1A87ED4A00371941 /* Frameworks */ = {
			isa = PBXFrameworksBuildPhase;
			buildActionMask = 2147483647;
			files = (
			);
			runOnlyForDeploymentPostprocessing = 0;
		};
/* End PBXFrameworksBuildPhase section */

/* Begin PBXGroup section */
		2A2405DF1A87ED4A00371941 = {
			isa = PBXGroup;
			children = (
				2A24060D1A87ED8D00371941 /* PathDynamicModal */,
				2A2405EA1A87ED4A00371941 /* PathDynamicModal-Demo */,
				2A2406001A87ED4A00371941 /* PathDynamicModal-DemoTests */,
				2A2405E91A87ED4A00371941 /* Products */,
			);
			sourceTree = "<group>";
		};
		2A2405E91A87ED4A00371941 /* Products */ = {
			isa = PBXGroup;
			children = (
				2A2405E81A87ED4A00371941 /* PathDynamicModal-Demo.app */,
				2A2405FD1A87ED4A00371941 /* PathDynamicModal-DemoTests.xctest */,
			);
			name = Products;
			sourceTree = "<group>";
		};
		2A2405EA1A87ED4A00371941 /* PathDynamicModal-Demo */ = {
			isa = PBXGroup;
			children = (
				2A2405ED1A87ED4A00371941 /* AppDelegate.swift */,
				2A2405EF1A87ED4A00371941 /* ViewController.swift */,
				2A2405F11A87ED4A00371941 /* Main.storyboard */,
				2A2405F41A87ED4A00371941 /* Images.xcassets */,
				2A2405EB1A87ED4A00371941 /* Supporting Files */,
			);
			path = "PathDynamicModal-Demo";
			sourceTree = "<group>";
		};
		2A2405EB1A87ED4A00371941 /* Supporting Files */ = {
			isa = PBXGroup;
			children = (
				2A2405EC1A87ED4A00371941 /* Info.plist */,
			);
			name = "Supporting Files";
			sourceTree = "<group>";
		};
		2A2406001A87ED4A00371941 /* PathDynamicModal-DemoTests */ = {
			isa = PBXGroup;
			children = (
				2A2406031A87ED4A00371941 /* PathDynamicModal_DemoTests.swift */,
				2A2406011A87ED4A00371941 /* Supporting Files */,
			);
			path = "PathDynamicModal-DemoTests";
			sourceTree = "<group>";
		};
		2A2406011A87ED4A00371941 /* Supporting Files */ = {
			isa = PBXGroup;
			children = (
				2A2406021A87ED4A00371941 /* Info.plist */,
			);
			name = "Supporting Files";
			sourceTree = "<group>";
		};
		2A24060D1A87ED8D00371941 /* PathDynamicModal */ = {
			isa = PBXGroup;
			children = (
				2A24060E1A87EDDA00371941 /* PathDynamicModal.swift */,
			);
			path = PathDynamicModal;
			sourceTree = "<group>";
		};
/* End PBXGroup section */

/* Begin PBXNativeTarget section */
		2A2405E71A87ED4A00371941 /* PathDynamicModal-Demo */ = {
			isa = PBXNativeTarget;
			buildConfigurationList = 2A2406071A87ED4A00371941 /* Build configuration list for PBXNativeTarget "PathDynamicModal-Demo" */;
			buildPhases = (
				2A2405E41A87ED4A00371941 /* Sources */,
				2A2405E51A87ED4A00371941 /* Frameworks */,
				2A2405E61A87ED4A00371941 /* Resources */,
			);
			buildRules = (
			);
			dependencies = (
			);
			name = "PathDynamicModal-Demo";
			productName = "PathDynamicModal-Demo";
			productReference = 2A2405E81A87ED4A00371941 /* PathDynamicModal-Demo.app */;
			productType = "com.apple.product-type.application";
		};
		2A2405FC1A87ED4A00371941 /* PathDynamicModal-DemoTests */ = {
			isa = PBXNativeTarget;
			buildConfigurationList = 2A24060A1A87ED4A00371941 /* Build configuration list for PBXNativeTarget "PathDynamicModal-DemoTests" */;
			buildPhases = (
				2A2405F91A87ED4A00371941 /* Sources */,
				2A2405FA1A87ED4A00371941 /* Frameworks */,
				2A2405FB1A87ED4A00371941 /* Resources */,
			);
			buildRules = (
			);
			dependencies = (
				2A2405FF1A87ED4A00371941 /* PBXTargetDependency */,
			);
			name = "PathDynamicModal-DemoTests";
			productName = "PathDynamicModal-DemoTests";
			productReference = 2A2405FD1A87ED4A00371941 /* PathDynamicModal-DemoTests.xctest */;
			productType = "com.apple.product-type.bundle.unit-test";
		};
/* End PBXNativeTarget section */

/* Begin PBXProject section */
		2A2405E01A87ED4A00371941 /* Project object */ = {
			isa = PBXProject;
			attributes = {
				LastUpgradeCheck = 0610;
				ORGANIZATIONNAME = "Ryo Aoyama";
				TargetAttributes = {
					2A2405E71A87ED4A00371941 = {
						CreatedOnToolsVersion = 6.1.1;
					};
					2A2405FC1A87ED4A00371941 = {
						CreatedOnToolsVersion = 6.1.1;
						TestTargetID = 2A2405E71A87ED4A00371941;
					};
				};
			};
			buildConfigurationList = 2A2405E31A87ED4A00371941 /* Build configuration list for PBXProject "PathDynamicModal-Demo" */;
			compatibilityVersion = "Xcode 3.2";
			developmentRegion = English;
			hasScannedForEncodings = 0;
			knownRegions = (
				en,
				Base,
			);
			mainGroup = 2A2405DF1A87ED4A00371941;
			productRefGroup = 2A2405E91A87ED4A00371941 /* Products */;
			projectDirPath = "";
			projectRoot = "";
			targets = (
				2A2405E71A87ED4A00371941 /* PathDynamicModal-Demo */,
				2A2405FC1A87ED4A00371941 /* PathDynamicModal-DemoTests */,
			);
		};
/* End PBXProject section */

/* Begin PBXResourcesBuildPhase section */
		2A2405E61A87ED4A00371941 /* Resources */ = {
			isa = PBXResourcesBuildPhase;
			buildActionMask = 2147483647;
			files = (
				2A2405F31A87ED4A00371941 /* Main.storyboard in Resources */,
				2A2405F51A87ED4A00371941 /* Images.xcassets in Resources */,
			);
			runOnlyForDeploymentPostprocessing = 0;
		};
		2A2405FB1A87ED4A00371941 /* Resources */ = {
			isa = PBXResourcesBuildPhase;
			buildActionMask = 2147483647;
			files = (
			);
			runOnlyForDeploymentPostprocessing = 0;
		};
/* End PBXResourcesBuildPhase section */

/* Begin PBXSourcesBuildPhase section */
		2A2405E41A87ED4A00371941 /* Sources */ = {
			isa = PBXSourcesBuildPhase;
			buildActionMask = 2147483647;
			files = (
				2A24060F1A87EDDA00371941 /* PathDynamicModal.swift in Sources */,
				2A2405F01A87ED4A00371941 /* ViewController.swift in Sources */,
				2A2405EE1A87ED4A00371941 /* AppDelegate.swift in Sources */,
			);
			runOnlyForDeploymentPostprocessing = 0;
		};
		2A2405F91A87ED4A00371941 /* Sources */ = {
			isa = PBXSourcesBuildPhase;
			buildActionMask = 2147483647;
			files = (
				2A2406041A87ED4A00371941 /* PathDynamicModal_DemoTests.swift in Sources */,
			);
			runOnlyForDeploymentPostprocessing = 0;
		};
/* End PBXSourcesBuildPhase section */

/* Begin PBXTargetDependency section */
		2A2405FF1A87ED4A00371941 /* PBXTargetDependency */ = {
			isa = PBXTargetDependency;
			target = 2A2405E71A87ED4A00371941 /* PathDynamicModal-Demo */;
			targetProxy = 2A2405FE1A87ED4A00371941 /* PBXContainerItemProxy */;
		};
/* End PBXTargetDependency section */

/* Begin PBXVariantGroup section */
		2A2405F11A87ED4A00371941 /* Main.storyboard */ = {
			isa = PBXVariantGroup;
			children = (
				2A2405F21A87ED4A00371941 /* Base */,
			);
			name = Main.storyboard;
			sourceTree = "<group>";
		};
/* End PBXVariantGroup section */

/* Begin XCBuildConfiguration section */
		2A2406051A87ED4A00371941 /* Debug */ = {
			isa = XCBuildConfiguration;
			buildSettings = {
				ALWAYS_SEARCH_USER_PATHS = NO;
				CLANG_CXX_LANGUAGE_STANDARD = "gnu++0x";
				CLANG_CXX_LIBRARY = "libc++";
				CLANG_ENABLE_MODULES = YES;
				CLANG_ENABLE_OBJC_ARC = YES;
				CLANG_WARN_BOOL_CONVERSION = YES;
				CLANG_WARN_CONSTANT_CONVERSION = YES;
				CLANG_WARN_DIRECT_OBJC_ISA_USAGE = YES_ERROR;
				CLANG_WARN_EMPTY_BODY = YES;
				CLANG_WARN_ENUM_CONVERSION = YES;
				CLANG_WARN_INT_CONVERSION = YES;
				CLANG_WARN_OBJC_ROOT_CLASS = YES_ERROR;
				CLANG_WARN_UNREACHABLE_CODE = YES;
				CLANG_WARN__DUPLICATE_METHOD_MATCH = YES;
				"CODE_SIGN_IDENTITY[sdk=iphoneos*]" = "iPhone Developer";
				COPY_PHASE_STRIP = NO;
				ENABLE_STRICT_OBJC_MSGSEND = YES;
				GCC_C_LANGUAGE_STANDARD = gnu99;
				GCC_DYNAMIC_NO_PIC = NO;
				GCC_OPTIMIZATION_LEVEL = 0;
				GCC_PREPROCESSOR_DEFINITIONS = (
					"DEBUG=1",
					"$(inherited)",
				);
				GCC_SYMBOLS_PRIVATE_EXTERN = NO;
				GCC_WARN_64_TO_32_BIT_CONVERSION = YES;
				GCC_WARN_ABOUT_RETURN_TYPE = YES_ERROR;
				GCC_WARN_UNDECLARED_SELECTOR = YES;
				GCC_WARN_UNINITIALIZED_AUTOS = YES_AGGRESSIVE;
				GCC_WARN_UNUSED_FUNCTION = YES;
				GCC_WARN_UNUSED_VARIABLE = YES;
				IPHONEOS_DEPLOYMENT_TARGET = 7.0;
				MTL_ENABLE_DEBUG_INFO = YES;
				ONLY_ACTIVE_ARCH = YES;
				SDKROOT = iphoneos;
				SWIFT_OPTIMIZATION_LEVEL = "-Onone";
			};
			name = Debug;
		};
		2A2406061A87ED4A00371941 /* Release */ = {
			isa = XCBuildConfiguration;
			buildSettings = {
				ALWAYS_SEARCH_USER_PATHS = NO;
				CLANG_CXX_LANGUAGE_STANDARD = "gnu++0x";
				CLANG_CXX_LIBRARY = "libc++";
				CLANG_ENABLE_MODULES = YES;
				CLANG_ENABLE_OBJC_ARC = YES;
				CLANG_WARN_BOOL_CONVERSION = YES;
				CLANG_WARN_CONSTANT_CONVERSION = YES;
				CLANG_WARN_DIRECT_OBJC_ISA_USAGE = YES_ERROR;
				CLANG_WARN_EMPTY_BODY = YES;
				CLANG_WARN_ENUM_CONVERSION = YES;
				CLANG_WARN_INT_CONVERSION = YES;
				CLANG_WARN_OBJC_ROOT_CLASS = YES_ERROR;
				CLANG_WARN_UNREACHABLE_CODE = YES;
				CLANG_WARN__DUPLICATE_METHOD_MATCH = YES;
				"CODE_SIGN_IDENTITY[sdk=iphoneos*]" = "iPhone Developer";
				COPY_PHASE_STRIP = YES;
				ENABLE_NS_ASSERTIONS = NO;
				ENABLE_STRICT_OBJC_MSGSEND = YES;
				GCC_C_LANGUAGE_STANDARD = gnu99;
				GCC_WARN_64_TO_32_BIT_CONVERSION = YES;
				GCC_WARN_ABOUT_RETURN_TYPE = YES_ERROR;
				GCC_WARN_UNDECLARED_SELECTOR = YES;
				GCC_WARN_UNINITIALIZED_AUTOS = YES_AGGRESSIVE;
				GCC_WARN_UNUSED_FUNCTION = YES;
				GCC_WARN_UNUSED_VARIABLE = YES;
				IPHONEOS_DEPLOYMENT_TARGET = 7.0;
				MTL_ENABLE_DEBUG_INFO = NO;
				SDKROOT = iphoneos;
				VALIDATE_PRODUCT = YES;
			};
			name = Release;
		};
		2A2406081A87ED4A00371941 /* Debug */ = {
			isa = XCBuildConfiguration;
			buildSettings = {
				ASSETCATALOG_COMPILER_APPICON_NAME = AppIcon;
				ASSETCATALOG_COMPILER_LAUNCHIMAGE_NAME = LaunchImage;
				INFOPLIST_FILE = "PathDynamicModal-Demo/Info.plist";
				IPHONEOS_DEPLOYMENT_TARGET = 7.0;
				LD_RUNPATH_SEARCH_PATHS = "$(inherited) @executable_path/Frameworks";
				PRODUCT_NAME = "PathDynamicModal-Demo";
			};
			name = Debug;
		};
		2A2406091A87ED4A00371941 /* Release */ = {
			isa = XCBuildConfiguration;
			buildSettings = {
				ASSETCATALOG_COMPILER_APPICON_NAME = AppIcon;
				ASSETCATALOG_COMPILER_LAUNCHIMAGE_NAME = LaunchImage;
				INFOPLIST_FILE = "PathDynamicModal-Demo/Info.plist";
				IPHONEOS_DEPLOYMENT_TARGET = 7.0;
				LD_RUNPATH_SEARCH_PATHS = "$(inherited) @executable_path/Frameworks";
				PRODUCT_NAME = "PathDynamicModal-Demo";
			};
			name = Release;
		};
		2A24060B1A87ED4A00371941 /* Debug */ = {
			isa = XCBuildConfiguration;
			buildSettings = {
				BUNDLE_LOADER = "$(TEST_HOST)";
				FRAMEWORK_SEARCH_PATHS = (
					"$(SDKROOT)/Developer/Library/Frameworks",
					"$(inherited)",
				);
				GCC_PREPROCESSOR_DEFINITIONS = (
					"DEBUG=1",
					"$(inherited)",
				);
				INFOPLIST_FILE = "PathDynamicModal-DemoTests/Info.plist";
				LD_RUNPATH_SEARCH_PATHS = "$(inherited) @executable_path/Frameworks @loader_path/Frameworks";
				PRODUCT_NAME = "PathDynamicModal-DemoTests";
				TEST_HOST = "$(BUILT_PRODUCTS_DIR)/PathDynamicModal-Demo.app/PathDynamicModal-Demo";
			};
			name = Debug;
		};
		2A24060C1A87ED4A00371941 /* Release */ = {
			isa = XCBuildConfiguration;
			buildSettings = {
				BUNDLE_LOADER = "$(TEST_HOST)";
				FRAMEWORK_SEARCH_PATHS = (
					"$(SDKROOT)/Developer/Library/Frameworks",
					"$(inherited)",
				);
				INFOPLIST_FILE = "PathDynamicModal-DemoTests/Info.plist";
				LD_RUNPATH_SEARCH_PATHS = "$(inherited) @executable_path/Frameworks @loader_path/Frameworks";
				PRODUCT_NAME = "PathDynamicModal-DemoTests";
				TEST_HOST = "$(BUILT_PRODUCTS_DIR)/PathDynamicModal-Demo.app/PathDynamicModal-Demo";
			};
			name = Release;
		};
/* End XCBuildConfiguration section */

/* Begin XCConfigurationList section */
		2A2405E31A87ED4A00371941 /* Build configuration list for PBXProject "PathDynamicModal-Demo" */ = {
			isa = XCConfigurationList;
			buildConfigurations = (
				2A2406051A87ED4A00371941 /* Debug */,
				2A2406061A87ED4A00371941 /* Release */,
			);
			defaultConfigurationIsVisible = 0;
			defaultConfigurationName = Release;
		};
		2A2406071A87ED4A00371941 /* Build configuration list for PBXNativeTarget "PathDynamicModal-Demo" */ = {
			isa = XCConfigurationList;
			buildConfigurations = (
				2A2406081A87ED4A00371941 /* Debug */,
				2A2406091A87ED4A00371941 /* Release */,
			);
			defaultConfigurationIsVisible = 0;
			defaultConfigurationName = Release;
		};
		2A24060A1A87ED4A00371941 /* Build configuration list for PBXNativeTarget "PathDynamicModal-DemoTests" */ = {
			isa = XCConfigurationList;
			buildConfigurations = (
				2A24060B1A87ED4A00371941 /* Debug */,
				2A24060C1A87ED4A00371941 /* Release */,
			);
			defaultConfigurationIsVisible = 0;
			defaultConfigurationName = Release;
		};
/* End XCConfigurationList section */
	};
	rootObject = 2A2405E01A87ED4A00371941 /* Project object */;
}
